{
  "requires": true,
  "lockfileVersion": 1,
  "dependencies": {
    "@types/node": {
      "version": "12.6.0",
      "resolved": "https://registry.npmjs.org/@types/node/-/node-12.6.0.tgz",
      "integrity": "sha512-dVeOVH/lhZ2Cki5Emh0aKeXUcWG1+EDTkqyzdgPe0ZjzgvBhzSFlogc6rm8uUd0I+XGK5fcp9DsMv5Wofe0/3w==",
      "dev": true
    }
  }
}
